<Solution>
  <Folder Name="/src/">
    <Project Path="src/ElasticMcp.Http/ElasticMcp.Http.csproj" />
    <Project Path="src/ElasticMcp/ElasticMcp.csproj" />
  </Folder>
  <Folder Name="/tests/">
    <Project Path="tests/ElasticMcp.IntegrationTests/ElasticMcp.IntegrationTests.csproj" />
    <Project Path="tests/ElasticMcp.Tests/ElasticMcp.Tests.csproj" />
  </Folder>
</Solution>
